
Microsoft Visual Studio Solution File, Format Version 12.00
# Visual Studio Version 17
VisualStudioVersion = 17.4.33110.190
MinimumVisualStudioVersion = 10.0.40219.1
Project("{FAE04EC0-301F-11D3-BF4B-00C04F79EFBC}") = "UC1", "UC1.csproj", "{393A17D4-020F-482E-9084-FD23D0E7444B}"
EndProject
Global
	GlobalSection(SolutionConfigurationPlatforms) = preSolution
		Debug|Any CPU = Debug|Any CPU
		Release|Any CPU = Release|Any CPU
	EndGlobalSection
	GlobalSection(ProjectConfigurationPlatforms) = postSolution
		{393A17D4-020F-482E-9084-FD23D0E7444B}.Debug|Any CPU.ActiveCfg = Debug|Any CPU
		{393A17D4-020F-482E-9084-FD23D0E7444B}.Debug|Any CPU.Build.0 = Debug|Any CPU
		{393A17D4-020F-482E-9084-FD23D0E7444B}.Release|Any CPU.ActiveCfg = Release|Any CPU
		{393A17D4-020F-482E-9084-FD23D0E7444B}.Release|Any CPU.Build.0 = Release|Any CPU
	EndGlobalSection
	GlobalSection(SolutionProperties) = preSolution
		HideSolutionNode = FALSE
	EndGlobalSection
	GlobalSection(ExtensibilityGlobals) = postSolution
		SolutionGuid = {19F6B735-0526-4BA3-BF46-E3A650DC1405}
	EndGlobalSection
EndGlobal
